<?xml version="1.0" encoding="UTF-8" standalone="yes" ?>
<CodeBlocks_project_file>
	<FileVersion major="1" minor="6" />
	<Project>
		<Option title="jogo" />
		<Option pch_mode="2" />
		<Option compiler="gnu_gcc_compiler__allegro" />
		<Build>
			<Target title="Debug">
				<Option output="bin/Debug/jogo" prefix_auto="1" extension_auto="1" />
				<Option object_output="obj/Debug/" />
				<Option type="1" />
				<Option compiler="gnu_gcc_compiler__allegro" />
				<Compiler>
					<Add option="-g" />
				</Compiler>
			</Target>
			<Target title="Release">
				<Option output="bin/Release/jogo" prefix_auto="1" extension_auto="1" />
				<Option object_output="obj/Release/" />
				<Option type="1" />
				<Option compiler="gnu_gcc_compiler__allegro" />
				<Compiler>
					<Add option="-O2" />
				</Compiler>
				<Linker>
					<Add option="-s" />
				</Linker>
			</Target>
		</Build>
		<Compiler>
			<Add option="-Wall" />
		</Compiler>
		<Unit filename="Fila.cpp">
			<Option target="Release" />
		</Unit>
		<Unit filename="Fila.h">
			<Option target="Release" />
		</Unit>
		<Unit filename="Hamburguer.cpp">
			<Option target="Release" />
		</Unit>
		<Unit filename="Hamburguer.h">
			<Option target="Release" />
		</Unit>
		<Unit filename="Pilha.cpp" />
		<Unit filename="Pilha.h" />
		<Unit filename="main.cpp">
			<Option target="Release" />
		</Unit>
		<Extensions>
			<code_completion />
			<debugger />
			<envvars />
		</Extensions>
	</Project>
</CodeBlocks_project_file>
